# This file was autogenerated by Stack.
# You should not edit this file by hand.
# For more information, please see the documentation at:
#   https://docs.haskellstack.org/en/stable/lock_files

packages:
- completed:
    hackage: hakyll-4.15.1.0@sha256:df90fdb1e7e09e90557ad23a6d402ce042f820f690595e7e73db82220edcadcf,9924
    pantry-tree:
      sha256: 474bd1e22b8eb6c7ad8e397c1c6741204fff4b30ebc5d9d47576c43820d17e13
      size: 8860
  original:
    hackage: hakyll-4.15.1.0@sha256:df90fdb1e7e09e90557ad23a6d402ce042f820f690595e7e73db82220edcadcf,9924
- completed:
    hackage: pandoc-citeproc-0.17.0.2@sha256:39c5c60a5eca2c1cb50ae9a00dc7093ca1baac78ad5be4e222505de257dce456,8737
    pantry-tree:
      sha256: 8a5f6398d750902d79c215a4c8f85c74f3e7ea572dd1f950d57e784669ac7a48
      size: 25684
  original:
    hackage: pandoc-citeproc-0.17.0.2@sha256:39c5c60a5eca2c1cb50ae9a00dc7093ca1baac78ad5be4e222505de257dce456,8737
snapshots:
- completed:
    sha256: cdead65fca0323144b346c94286186f4969bf85594d649c49c7557295675d8a5
    size: 586286
    url: https://raw.githubusercontent.com/commercialhaskell/stackage-snapshots/master/lts/18/16.yaml
  original: lts-18.16
